
Microsoft Visual Studio Solution File, Format Version 12.00
# Visual Studio Version 17
VisualStudioVersion = 17.8.34601.278
MinimumVisualStudioVersion = 10.0.40219.1
Project("{FAE04EC0-301F-11D3-BF4B-00C04F79EFBC}") = "C#-EntityFrameworkConsole", "C#-EntityFrameworkConsole\C#-EntityFrameworkConsole.csproj", "{73A50A05-A425-400A-890C-38752EA216EE}"
EndProject
Global
	GlobalSection(SolutionConfigurationPlatforms) = preSolution
		Debug|Any CPU = Debug|Any CPU
		Release|Any CPU = Release|Any CPU
	EndGlobalSection
	GlobalSection(ProjectConfigurationPlatforms) = postSolution
		{73A50A05-A425-400A-890C-38752EA216EE}.Debug|Any CPU.ActiveCfg = Debug|Any CPU
		{73A50A05-A425-400A-890C-38752EA216EE}.Debug|Any CPU.Build.0 = Debug|Any CPU
		{73A50A05-A425-400A-890C-38752EA216EE}.Release|Any CPU.ActiveCfg = Release|Any CPU
		{73A50A05-A425-400A-890C-38752EA216EE}.Release|Any CPU.Build.0 = Release|Any CPU
	EndGlobalSection
	GlobalSection(SolutionProperties) = preSolution
		HideSolutionNode = FALSE
	EndGlobalSection
	GlobalSection(ExtensibilityGlobals) = postSolution
		SolutionGuid = {6396CAEF-3B8A-41B8-B0B8-1D9895A27EAE}
	EndGlobalSection
EndGlobal
